
Microsoft Visual Studio Solution File, Format Version 12.00
# Visual Studio 15
VisualStudioVersion = 15.0.28010.2046
MinimumVisualStudioVersion = 10.0.40219.1
Project("{FAE04EC0-301F-11D3-BF4B-00C04F79EFBC}") = "Supermercato", "Supermercato\Supermercato.csproj", "{ACA55D0C-40D6-4903-A0F1-AB0AC513D229}"
EndProject
Project("{FAE04EC0-301F-11D3-BF4B-00C04F79EFBC}") = "Serra", "Serra\Serra.csproj", "{EB6D205A-D38B-47ED-9DAC-2788F2E4D62C}"
EndProject
Global
	GlobalSection(SolutionConfigurationPlatforms) = preSolution
		Debug|Any CPU = Debug|Any CPU
		Release|Any CPU = Release|Any CPU
	EndGlobalSection
	GlobalSection(ProjectConfigurationPlatforms) = postSolution
		{ACA55D0C-40D6-4903-A0F1-AB0AC513D229}.Debug|Any CPU.ActiveCfg = Debug|Any CPU
		{ACA55D0C-40D6-4903-A0F1-AB0AC513D229}.Debug|Any CPU.Build.0 = Debug|Any CPU
		{ACA55D0C-40D6-4903-A0F1-AB0AC513D229}.Release|Any CPU.ActiveCfg = Release|Any CPU
		{ACA55D0C-40D6-4903-A0F1-AB0AC513D229}.Release|Any CPU.Build.0 = Release|Any CPU
		{EB6D205A-D38B-47ED-9DAC-2788F2E4D62C}.Debug|Any CPU.ActiveCfg = Debug|Any CPU
		{EB6D205A-D38B-47ED-9DAC-2788F2E4D62C}.Debug|Any CPU.Build.0 = Debug|Any CPU
		{EB6D205A-D38B-47ED-9DAC-2788F2E4D62C}.Release|Any CPU.ActiveCfg = Release|Any CPU
		{EB6D205A-D38B-47ED-9DAC-2788F2E4D62C}.Release|Any CPU.Build.0 = Release|Any CPU
	EndGlobalSection
	GlobalSection(SolutionProperties) = preSolution
		HideSolutionNode = FALSE
	EndGlobalSection
	GlobalSection(ExtensibilityGlobals) = postSolution
		SolutionGuid = {54DA9EBC-6C07-4F50-8680-EB2090981F84}
	EndGlobalSection
EndGlobal
